<?xml version="1.0" encoding="utf-8"?>
<Project ToolsVersion="4.0" xmlns="http://schemas.microsoft.com/developer/msbuild/2003">
  <ItemGroup>
    <ClCompile Include="bsp.c" />
    <ClCompile Include="main.c" />
    <ClCompile Include="philo.c" />
    <ClCompile Include="table.c" />
    <ClCompile Include="..\..\..\src\qf\qep_hsm.c">
      <Filter>QP</Filter>
    </ClCompile>
    <ClCompile Include="..\..\..\src\qf\qep_msm.c">
      <Filter>QP</Filter>
    </ClCompile>
    <ClCompile Include="..\..\..\src\qf\qf_act.c">
      <Filter>QP</Filter>
    </ClCompile>
    <ClCompile Include="..\..\..\src\qf\qf_actq.c">
      <Filter>QP</Filter>
    </ClCompile>
    <ClCompile Include="..\..\..\src\qf\qf_defer.c">
      <Filter>QP</Filter>
    </ClCompile>
    <ClCompile Include="..\..\..\src\qf\qf_dyn.c">
      <Filter>QP</Filter>
    </ClCompile>
    <ClCompile Include="..\..\..\src\qf\qf_mem.c">
      <Filter>QP</Filter>
    </ClCompile>
    <ClCompile Include="..\..\..\src\qf\qf_ps.c">
      <Filter>QP</Filter>
    </ClCompile>
    <ClCompile Include="..\..\..\src\qf\qf_qact.c">
      <Filter>QP</Filter>
    </ClCompile>
    <ClCompile Include="..\..\..\src\qf\qf_qeq.c">
      <Filter>QP</Filter>
    </ClCompile>
    <ClCompile Include="..\..\..\src\qf\qf_qmact.c">
      <Filter>QP</Filter>
    </ClCompile>
    <ClCompile Include="..\..\..\src\qf\qf_time.c">
      <Filter>QP</Filter>
    </ClCompile>
    <ClCompile Include="..\..\..\ports\win32-qv\qf_port.c">
      <Filter>QP_port</Filter>
    </ClCompile>
    <ClCompile Include="..\..\..\ports\win32-qv\qs_port.c">
      <Filter>QP_port</Filter>
    </ClCompile>
    <ClCompile Include="..\..\..\src\qs\qs.c">
      <Filter>QS</Filter>
    </ClCompile>
    <ClCompile Include="..\..\..\src\qs\qs_64bit.c">
      <Filter>QS</Filter>
    </ClCompile>
    <ClCompile Include="..\..\..\src\qs\qs_fp.c">
      <Filter>QS</Filter>
    </ClCompile>
    <ClCompile Include="..\..\..\src\qs\qs_rx.c">
      <Filter>QS</Filter>
    </ClCompile>
    <ClCompile Include="..\..\..\src\qs\qstamp.c">
      <Filter>QS</Filter>
    </ClCompile>
  </ItemGroup>
  <ItemGroup>
    <ClInclude Include="bsp.h" />
    <ClInclude Include="dpp.h" />
    <ClInclude Include="..\..\..\ports\win32-qv\qs_port.h">
      <Filter>QP_port</Filter>
    </ClInclude>
    <ClInclude Include="..\..\..\ports\win32-qv\safe_std.h">
      <Filter>QP_port</Filter>
    </ClInclude>
  </ItemGroup>
  <ItemGroup>
    <Filter Include="QS">
      <UniqueIdentifier>{a95ae5f4-6fdc-49fe-b3d8-c693676b3410}</UniqueIdentifier>
    </Filter>
    <Filter Include="QP_port">
      <UniqueIdentifier>{8bb033b0-2b6f-4f17-bc67-c29ad976a148}</UniqueIdentifier>
    </Filter>
    <Filter Include="QP">
      <UniqueIdentifier>{7ff98771-41c0-4306-aa9a-18b8e1372f01}</UniqueIdentifier>
    </Filter>
  </ItemGroup>
  <ItemGroup>
    <None Include="..\..\..\ports\win32-qv\README.md">
      <Filter>QP_port</Filter>
    </None>
  </ItemGroup>
</Project>