<?xml version="1.0" encoding="utf-8"?>
<Project ToolsVersion="4.0" xmlns="http://schemas.microsoft.com/developer/msbuild/2003">
  <ItemGroup>
    <ClCompile Include="..\bsp.c">
      <Filter>Application</Filter>
    </ClCompile>
    <ClCompile Include="..\main.c">
      <Filter>Application</Filter>
    </ClCompile>
    <ClCompile Include="..\philo.c">
      <Filter>Application</Filter>
    </ClCompile>
    <ClCompile Include="..\..\..\..\..\include\qstamp.c">
      <Filter>Application</Filter>
    </ClCompile>
    <ClCompile Include="..\table.c">
      <Filter>Application</Filter>
    </ClCompile>
    <ClCompile Include="..\..\..\..\..\src\qf\qep_hsm.c">
      <Filter>QP</Filter>
    </ClCompile>
    <ClCompile Include="..\..\..\..\..\src\qf\qep_msm.c">
      <Filter>QP</Filter>
    </ClCompile>
    <ClCompile Include="..\..\..\..\..\src\qf\qf_act.c">
      <Filter>QP</Filter>
    </ClCompile>
    <ClCompile Include="..\..\..\..\..\src\qf\qf_defer.c">
      <Filter>QP</Filter>
    </ClCompile>
    <ClCompile Include="..\..\..\..\..\src\qf\qf_dyn.c">
      <Filter>QP</Filter>
    </ClCompile>
    <ClCompile Include="..\..\..\..\..\src\qf\qf_ps.c">
      <Filter>QP</Filter>
    </ClCompile>
    <ClCompile Include="..\..\..\..\..\src\qf\qf_qact.c">
      <Filter>QP</Filter>
    </ClCompile>
    <ClCompile Include="..\..\..\..\..\src\qf\qf_qeq.c">
      <Filter>QP</Filter>
    </ClCompile>
    <ClCompile Include="..\..\..\..\..\src\qf\qf_qmact.c">
      <Filter>QP</Filter>
    </ClCompile>
    <ClCompile Include="..\..\..\..\..\src\qf\qf_time.c">
      <Filter>QP</Filter>
    </ClCompile>
    <ClCompile Include="..\..\..\..\..\ports\threadx\qf_port.c">
      <Filter>QP_port</Filter>
    </ClCompile>
    <ClCompile Include="..\..\..\..\..\3rd_party\threadx\ports\win32\vs_2019\src\tx_initialize_low_level.c">
      <Filter>ThreadX\port</Filter>
    </ClCompile>
    <ClCompile Include="..\..\..\..\..\3rd_party\threadx\ports\win32\vs_2019\src\tx_thread_context_restore.c">
      <Filter>ThreadX\port</Filter>
    </ClCompile>
    <ClCompile Include="..\..\..\..\..\3rd_party\threadx\ports\win32\vs_2019\src\tx_thread_context_save.c">
      <Filter>ThreadX\port</Filter>
    </ClCompile>
    <ClCompile Include="..\..\..\..\..\3rd_party\threadx\ports\win32\vs_2019\src\tx_thread_interrupt_control.c">
      <Filter>ThreadX\port</Filter>
    </ClCompile>
    <ClCompile Include="..\..\..\..\..\3rd_party\threadx\ports\win32\vs_2019\src\tx_thread_schedule.c">
      <Filter>ThreadX\port</Filter>
    </ClCompile>
    <ClCompile Include="..\..\..\..\..\3rd_party\threadx\ports\win32\vs_2019\src\tx_thread_stack_build.c">
      <Filter>ThreadX\port</Filter>
    </ClCompile>
    <ClCompile Include="..\..\..\..\..\3rd_party\threadx\ports\win32\vs_2019\src\tx_thread_system_return.c">
      <Filter>ThreadX\port</Filter>
    </ClCompile>
    <ClCompile Include="..\..\..\..\..\3rd_party\threadx\ports\win32\vs_2019\src\tx_timer_interrupt.c">
      <Filter>ThreadX\port</Filter>
    </ClCompile>
    <ClCompile Include="..\..\..\..\..\3rd_party\threadx\common\src\tx_block_allocate.c">
      <Filter>ThreadX\common</Filter>
    </ClCompile>
    <ClCompile Include="..\..\..\..\..\3rd_party\threadx\common\src\tx_block_pool_cleanup.c">
      <Filter>ThreadX\common</Filter>
    </ClCompile>
    <ClCompile Include="..\..\..\..\..\3rd_party\threadx\common\src\tx_block_pool_create.c">
      <Filter>ThreadX\common</Filter>
    </ClCompile>
    <ClCompile Include="..\..\..\..\..\3rd_party\threadx\common\src\tx_block_pool_delete.c">
      <Filter>ThreadX\common</Filter>
    </ClCompile>
    <ClCompile Include="..\..\..\..\..\3rd_party\threadx\common\src\tx_block_pool_info_get.c">
      <Filter>ThreadX\common</Filter>
    </ClCompile>
    <ClCompile Include="..\..\..\..\..\3rd_party\threadx\common\src\tx_block_pool_initialize.c">
      <Filter>ThreadX\common</Filter>
    </ClCompile>
    <ClCompile Include="..\..\..\..\..\3rd_party\threadx\common\src\tx_block_pool_performance_info_get.c">
      <Filter>ThreadX\common</Filter>
    </ClCompile>
    <ClCompile Include="..\..\..\..\..\3rd_party\threadx\common\src\tx_block_pool_performance_system_info_get.c">
      <Filter>ThreadX\common</Filter>
    </ClCompile>
    <ClCompile Include="..\..\..\..\..\3rd_party\threadx\common\src\tx_block_pool_prioritize.c">
      <Filter>ThreadX\common</Filter>
    </ClCompile>
    <ClCompile Include="..\..\..\..\..\3rd_party\threadx\common\src\tx_block_release.c">
      <Filter>ThreadX\common</Filter>
    </ClCompile>
    <ClCompile Include="..\..\..\..\..\3rd_party\threadx\common\src\tx_byte_allocate.c">
      <Filter>ThreadX\common</Filter>
    </ClCompile>
    <ClCompile Include="..\..\..\..\..\3rd_party\threadx\common\src\tx_byte_pool_cleanup.c">
      <Filter>ThreadX\common</Filter>
    </ClCompile>
    <ClCompile Include="..\..\..\..\..\3rd_party\threadx\common\src\tx_byte_pool_create.c">
      <Filter>ThreadX\common</Filter>
    </ClCompile>
    <ClCompile Include="..\..\..\..\..\3rd_party\threadx\common\src\tx_byte_pool_delete.c">
      <Filter>ThreadX\common</Filter>
    </ClCompile>
    <ClCompile Include="..\..\..\..\..\3rd_party\threadx\common\src\tx_byte_pool_info_get.c">
      <Filter>ThreadX\common</Filter>
    </ClCompile>
    <ClCompile Include="..\..\..\..\..\3rd_party\threadx\common\src\tx_byte_pool_initialize.c">
      <Filter>ThreadX\common</Filter>
    </ClCompile>
    <ClCompile Include="..\..\..\..\..\3rd_party\threadx\common\src\tx_byte_pool_performance_info_get.c">
      <Filter>ThreadX\common</Filter>
    </ClCompile>
    <ClCompile Include="..\..\..\..\..\3rd_party\threadx\common\src\tx_byte_pool_performance_system_info_get.c">
      <Filter>ThreadX\common</Filter>
    </ClCompile>
    <ClCompile Include="..\..\..\..\..\3rd_party\threadx\common\src\tx_byte_pool_prioritize.c">
      <Filter>ThreadX\common</Filter>
    </ClCompile>
    <ClCompile Include="..\..\..\..\..\3rd_party\threadx\common\src\tx_byte_pool_search.c">
      <Filter>ThreadX\common</Filter>
    </ClCompile>
    <ClCompile Include="..\..\..\..\..\3rd_party\threadx\common\src\tx_byte_release.c">
      <Filter>ThreadX\common</Filter>
    </ClCompile>
    <ClCompile Include="..\..\..\..\..\3rd_party\threadx\common\src\tx_event_flags_cleanup.c">
      <Filter>ThreadX\common</Filter>
    </ClCompile>
    <ClCompile Include="..\..\..\..\..\3rd_party\threadx\common\src\tx_event_flags_create.c">
      <Filter>ThreadX\common</Filter>
    </ClCompile>
    <ClCompile Include="..\..\..\..\..\3rd_party\threadx\common\src\tx_event_flags_delete.c">
      <Filter>ThreadX\common</Filter>
    </ClCompile>
    <ClCompile Include="..\..\..\..\..\3rd_party\threadx\common\src\tx_event_flags_get.c">
      <Filter>ThreadX\common</Filter>
    </ClCompile>
    <ClCompile Include="..\..\..\..\..\3rd_party\threadx\common\src\tx_event_flags_info_get.c">
      <Filter>ThreadX\common</Filter>
    </ClCompile>
    <ClCompile Include="..\..\..\..\..\3rd_party\threadx\common\src\tx_event_flags_initialize.c">
      <Filter>ThreadX\common</Filter>
    </ClCompile>
    <ClCompile Include="..\..\..\..\..\3rd_party\threadx\common\src\tx_event_flags_performance_info_get.c">
      <Filter>ThreadX\common</Filter>
    </ClCompile>
    <ClCompile Include="..\..\..\..\..\3rd_party\threadx\common\src\tx_event_flags_performance_system_info_get.c">
      <Filter>ThreadX\common</Filter>
    </ClCompile>
    <ClCompile Include="..\..\..\..\..\3rd_party\threadx\common\src\tx_event_flags_set.c">
      <Filter>ThreadX\common</Filter>
    </ClCompile>
    <ClCompile Include="..\..\..\..\..\3rd_party\threadx\common\src\tx_event_flags_set_notify.c">
      <Filter>ThreadX\common</Filter>
    </ClCompile>
    <ClCompile Include="..\..\..\..\..\3rd_party\threadx\common\src\tx_initialize_high_level.c">
      <Filter>ThreadX\common</Filter>
    </ClCompile>
    <ClCompile Include="..\..\..\..\..\3rd_party\threadx\common\src\tx_initialize_kernel_enter.c">
      <Filter>ThreadX\common</Filter>
    </ClCompile>
    <ClCompile Include="..\..\..\..\..\3rd_party\threadx\common\src\tx_initialize_kernel_setup.c">
      <Filter>ThreadX\common</Filter>
    </ClCompile>
    <ClCompile Include="..\..\..\..\..\3rd_party\threadx\common\src\tx_misra.c">
      <Filter>ThreadX\common</Filter>
    </ClCompile>
    <ClCompile Include="..\..\..\..\..\3rd_party\threadx\common\src\tx_mutex_cleanup.c">
      <Filter>ThreadX\common</Filter>
    </ClCompile>
    <ClCompile Include="..\..\..\..\..\3rd_party\threadx\common\src\tx_mutex_create.c">
      <Filter>ThreadX\common</Filter>
    </ClCompile>
    <ClCompile Include="..\..\..\..\..\3rd_party\threadx\common\src\tx_mutex_delete.c">
      <Filter>ThreadX\common</Filter>
    </ClCompile>
    <ClCompile Include="..\..\..\..\..\3rd_party\threadx\common\src\tx_mutex_get.c">
      <Filter>ThreadX\common</Filter>
    </ClCompile>
    <ClCompile Include="..\..\..\..\..\3rd_party\threadx\common\src\tx_mutex_info_get.c">
      <Filter>ThreadX\common</Filter>
    </ClCompile>
    <ClCompile Include="..\..\..\..\..\3rd_party\threadx\common\src\tx_mutex_initialize.c">
      <Filter>ThreadX\common</Filter>
    </ClCompile>
    <ClCompile Include="..\..\..\..\..\3rd_party\threadx\common\src\tx_mutex_performance_info_get.c">
      <Filter>ThreadX\common</Filter>
    </ClCompile>
    <ClCompile Include="..\..\..\..\..\3rd_party\threadx\common\src\tx_mutex_performance_system_info_get.c">
      <Filter>ThreadX\common</Filter>
    </ClCompile>
    <ClCompile Include="..\..\..\..\..\3rd_party\threadx\common\src\tx_mutex_prioritize.c">
      <Filter>ThreadX\common</Filter>
    </ClCompile>
    <ClCompile Include="..\..\..\..\..\3rd_party\threadx\common\src\tx_mutex_priority_change.c">
      <Filter>ThreadX\common</Filter>
    </ClCompile>
    <ClCompile Include="..\..\..\..\..\3rd_party\threadx\common\src\tx_mutex_put.c">
      <Filter>ThreadX\common</Filter>
    </ClCompile>
    <ClCompile Include="..\..\..\..\..\3rd_party\threadx\common\src\tx_queue_cleanup.c">
      <Filter>ThreadX\common</Filter>
    </ClCompile>
    <ClCompile Include="..\..\..\..\..\3rd_party\threadx\common\src\tx_queue_create.c">
      <Filter>ThreadX\common</Filter>
    </ClCompile>
    <ClCompile Include="..\..\..\..\..\3rd_party\threadx\common\src\tx_queue_delete.c">
      <Filter>ThreadX\common</Filter>
    </ClCompile>
    <ClCompile Include="..\..\..\..\..\3rd_party\threadx\common\src\tx_queue_flush.c">
      <Filter>ThreadX\common</Filter>
    </ClCompile>
    <ClCompile Include="..\..\..\..\..\3rd_party\threadx\common\src\tx_queue_front_send.c">
      <Filter>ThreadX\common</Filter>
    </ClCompile>
    <ClCompile Include="..\..\..\..\..\3rd_party\threadx\common\src\tx_queue_info_get.c">
      <Filter>ThreadX\common</Filter>
    </ClCompile>
    <ClCompile Include="..\..\..\..\..\3rd_party\threadx\common\src\tx_queue_initialize.c">
      <Filter>ThreadX\common</Filter>
    </ClCompile>
    <ClCompile Include="..\..\..\..\..\3rd_party\threadx\common\src\tx_queue_performance_info_get.c">
      <Filter>ThreadX\common</Filter>
    </ClCompile>
    <ClCompile Include="..\..\..\..\..\3rd_party\threadx\common\src\tx_queue_performance_system_info_get.c">
      <Filter>ThreadX\common</Filter>
    </ClCompile>
    <ClCompile Include="..\..\..\..\..\3rd_party\threadx\common\src\tx_queue_prioritize.c">
      <Filter>ThreadX\common</Filter>
    </ClCompile>
    <ClCompile Include="..\..\..\..\..\3rd_party\threadx\common\src\tx_queue_receive.c">
      <Filter>ThreadX\common</Filter>
    </ClCompile>
    <ClCompile Include="..\..\..\..\..\3rd_party\threadx\common\src\tx_queue_send.c">
      <Filter>ThreadX\common</Filter>
    </ClCompile>
    <ClCompile Include="..\..\..\..\..\3rd_party\threadx\common\src\tx_queue_send_notify.c">
      <Filter>ThreadX\common</Filter>
    </ClCompile>
    <ClCompile Include="..\..\..\..\..\3rd_party\threadx\common\src\tx_semaphore_ceiling_put.c">
      <Filter>ThreadX\common</Filter>
    </ClCompile>
    <ClCompile Include="..\..\..\..\..\3rd_party\threadx\common\src\tx_semaphore_cleanup.c">
      <Filter>ThreadX\common</Filter>
    </ClCompile>
    <ClCompile Include="..\..\..\..\..\3rd_party\threadx\common\src\tx_semaphore_create.c">
      <Filter>ThreadX\common</Filter>
    </ClCompile>
    <ClCompile Include="..\..\..\..\..\3rd_party\threadx\common\src\tx_semaphore_delete.c">
      <Filter>ThreadX\common</Filter>
    </ClCompile>
    <ClCompile Include="..\..\..\..\..\3rd_party\threadx\common\src\tx_semaphore_get.c">
      <Filter>ThreadX\common</Filter>
    </ClCompile>
    <ClCompile Include="..\..\..\..\..\3rd_party\threadx\common\src\tx_semaphore_info_get.c">
      <Filter>ThreadX\common</Filter>
    </ClCompile>
    <ClCompile Include="..\..\..\..\..\3rd_party\threadx\common\src\tx_semaphore_initialize.c">
      <Filter>ThreadX\common</Filter>
    </ClCompile>
    <ClCompile Include="..\..\..\..\..\3rd_party\threadx\common\src\tx_semaphore_performance_info_get.c">
      <Filter>ThreadX\common</Filter>
    </ClCompile>
    <ClCompile Include="..\..\..\..\..\3rd_party\threadx\common\src\tx_semaphore_performance_system_info_get.c">
      <Filter>ThreadX\common</Filter>
    </ClCompile>
    <ClCompile Include="..\..\..\..\..\3rd_party\threadx\common\src\tx_semaphore_prioritize.c">
      <Filter>ThreadX\common</Filter>
    </ClCompile>
    <ClCompile Include="..\..\..\..\..\3rd_party\threadx\common\src\tx_semaphore_put.c">
      <Filter>ThreadX\common</Filter>
    </ClCompile>
    <ClCompile Include="..\..\..\..\..\3rd_party\threadx\common\src\tx_semaphore_put_notify.c">
      <Filter>ThreadX\common</Filter>
    </ClCompile>
    <ClCompile Include="..\..\..\..\..\3rd_party\threadx\common\src\tx_thread_create.c">
      <Filter>ThreadX\common</Filter>
    </ClCompile>
    <ClCompile Include="..\..\..\..\..\3rd_party\threadx\common\src\tx_thread_delete.c">
      <Filter>ThreadX\common</Filter>
    </ClCompile>
    <ClCompile Include="..\..\..\..\..\3rd_party\threadx\common\src\tx_thread_entry_exit_notify.c">
      <Filter>ThreadX\common</Filter>
    </ClCompile>
    <ClCompile Include="..\..\..\..\..\3rd_party\threadx\common\src\tx_thread_identify.c">
      <Filter>ThreadX\common</Filter>
    </ClCompile>
    <ClCompile Include="..\..\..\..\..\3rd_party\threadx\common\src\tx_thread_info_get.c">
      <Filter>ThreadX\common</Filter>
    </ClCompile>
    <ClCompile Include="..\..\..\..\..\3rd_party\threadx\common\src\tx_thread_initialize.c">
      <Filter>ThreadX\common</Filter>
    </ClCompile>
    <ClCompile Include="..\..\..\..\..\3rd_party\threadx\common\src\tx_thread_performance_info_get.c">
      <Filter>ThreadX\common</Filter>
    </ClCompile>
    <ClCompile Include="..\..\..\..\..\3rd_party\threadx\common\src\tx_thread_performance_system_info_get.c">
      <Filter>ThreadX\common</Filter>
    </ClCompile>
    <ClCompile Include="..\..\..\..\..\3rd_party\threadx\common\src\tx_thread_preemption_change.c">
      <Filter>ThreadX\common</Filter>
    </ClCompile>
    <ClCompile Include="..\..\..\..\..\3rd_party\threadx\common\src\tx_thread_priority_change.c">
      <Filter>ThreadX\common</Filter>
    </ClCompile>
    <ClCompile Include="..\..\..\..\..\3rd_party\threadx\common\src\tx_thread_relinquish.c">
      <Filter>ThreadX\common</Filter>
    </ClCompile>
    <ClCompile Include="..\..\..\..\..\3rd_party\threadx\common\src\tx_thread_reset.c">
      <Filter>ThreadX\common</Filter>
    </ClCompile>
    <ClCompile Include="..\..\..\..\..\3rd_party\threadx\common\src\tx_thread_resume.c">
      <Filter>ThreadX\common</Filter>
    </ClCompile>
    <ClCompile Include="..\..\..\..\..\3rd_party\threadx\common\src\tx_thread_shell_entry.c">
      <Filter>ThreadX\common</Filter>
    </ClCompile>
    <ClCompile Include="..\..\..\..\..\3rd_party\threadx\common\src\tx_thread_sleep.c">
      <Filter>ThreadX\common</Filter>
    </ClCompile>
    <ClCompile Include="..\..\..\..\..\3rd_party\threadx\common\src\tx_thread_stack_analyze.c">
      <Filter>ThreadX\common</Filter>
    </ClCompile>
    <ClCompile Include="..\..\..\..\..\3rd_party\threadx\common\src\tx_thread_stack_error_handler.c">
      <Filter>ThreadX\common</Filter>
    </ClCompile>
    <ClCompile Include="..\..\..\..\..\3rd_party\threadx\common\src\tx_thread_stack_error_notify.c">
      <Filter>ThreadX\common</Filter>
    </ClCompile>
    <ClCompile Include="..\..\..\..\..\3rd_party\threadx\common\src\tx_thread_suspend.c">
      <Filter>ThreadX\common</Filter>
    </ClCompile>
    <ClCompile Include="..\..\..\..\..\3rd_party\threadx\common\src\tx_thread_system_preempt_check.c">
      <Filter>ThreadX\common</Filter>
    </ClCompile>
    <ClCompile Include="..\..\..\..\..\3rd_party\threadx\common\src\tx_thread_system_resume.c">
      <Filter>ThreadX\common</Filter>
    </ClCompile>
    <ClCompile Include="..\..\..\..\..\3rd_party\threadx\common\src\tx_thread_system_suspend.c">
      <Filter>ThreadX\common</Filter>
    </ClCompile>
    <ClCompile Include="..\..\..\..\..\3rd_party\threadx\common\src\tx_thread_terminate.c">
      <Filter>ThreadX\common</Filter>
    </ClCompile>
    <ClCompile Include="..\..\..\..\..\3rd_party\threadx\common\src\tx_thread_time_slice.c">
      <Filter>ThreadX\common</Filter>
    </ClCompile>
    <ClCompile Include="..\..\..\..\..\3rd_party\threadx\common\src\tx_thread_time_slice_change.c">
      <Filter>ThreadX\common</Filter>
    </ClCompile>
    <ClCompile Include="..\..\..\..\..\3rd_party\threadx\common\src\tx_thread_timeout.c">
      <Filter>ThreadX\common</Filter>
    </ClCompile>
    <ClCompile Include="..\..\..\..\..\3rd_party\threadx\common\src\tx_thread_wait_abort.c">
      <Filter>ThreadX\common</Filter>
    </ClCompile>
    <ClCompile Include="..\..\..\..\..\3rd_party\threadx\common\src\tx_time_get.c">
      <Filter>ThreadX\common</Filter>
    </ClCompile>
    <ClCompile Include="..\..\..\..\..\3rd_party\threadx\common\src\tx_time_set.c">
      <Filter>ThreadX\common</Filter>
    </ClCompile>
    <ClCompile Include="..\..\..\..\..\3rd_party\threadx\common\src\tx_timer_activate.c">
      <Filter>ThreadX\common</Filter>
    </ClCompile>
    <ClCompile Include="..\..\..\..\..\3rd_party\threadx\common\src\tx_timer_change.c">
      <Filter>ThreadX\common</Filter>
    </ClCompile>
    <ClCompile Include="..\..\..\..\..\3rd_party\threadx\common\src\tx_timer_create.c">
      <Filter>ThreadX\common</Filter>
    </ClCompile>
    <ClCompile Include="..\..\..\..\..\3rd_party\threadx\common\src\tx_timer_deactivate.c">
      <Filter>ThreadX\common</Filter>
    </ClCompile>
    <ClCompile Include="..\..\..\..\..\3rd_party\threadx\common\src\tx_timer_delete.c">
      <Filter>ThreadX\common</Filter>
    </ClCompile>
    <ClCompile Include="..\..\..\..\..\3rd_party\threadx\common\src\tx_timer_expiration_process.c">
      <Filter>ThreadX\common</Filter>
    </ClCompile>
    <ClCompile Include="..\..\..\..\..\3rd_party\threadx\common\src\tx_timer_info_get.c">
      <Filter>ThreadX\common</Filter>
    </ClCompile>
    <ClCompile Include="..\..\..\..\..\3rd_party\threadx\common\src\tx_timer_initialize.c">
      <Filter>ThreadX\common</Filter>
    </ClCompile>
    <ClCompile Include="..\..\..\..\..\3rd_party\threadx\common\src\tx_timer_performance_info_get.c">
      <Filter>ThreadX\common</Filter>
    </ClCompile>
    <ClCompile Include="..\..\..\..\..\3rd_party\threadx\common\src\tx_timer_performance_system_info_get.c">
      <Filter>ThreadX\common</Filter>
    </ClCompile>
    <ClCompile Include="..\..\..\..\..\3rd_party\threadx\common\src\tx_timer_system_activate.c">
      <Filter>ThreadX\common</Filter>
    </ClCompile>
    <ClCompile Include="..\..\..\..\..\3rd_party\threadx\common\src\tx_timer_system_deactivate.c">
      <Filter>ThreadX\common</Filter>
    </ClCompile>
    <ClCompile Include="..\..\..\..\..\3rd_party\threadx\common\src\tx_timer_thread_entry.c">
      <Filter>ThreadX\common</Filter>
    </ClCompile>
    <ClCompile Include="..\..\..\..\..\3rd_party\threadx\common\src\tx_trace_buffer_full_notify.c">
      <Filter>ThreadX\common</Filter>
    </ClCompile>
    <ClCompile Include="..\..\..\..\..\3rd_party\threadx\common\src\tx_trace_disable.c">
      <Filter>ThreadX\common</Filter>
    </ClCompile>
    <ClCompile Include="..\..\..\..\..\3rd_party\threadx\common\src\tx_trace_enable.c">
      <Filter>ThreadX\common</Filter>
    </ClCompile>
    <ClCompile Include="..\..\..\..\..\3rd_party\threadx\common\src\tx_trace_event_filter.c">
      <Filter>ThreadX\common</Filter>
    </ClCompile>
    <ClCompile Include="..\..\..\..\..\3rd_party\threadx\common\src\tx_trace_event_unfilter.c">
      <Filter>ThreadX\common</Filter>
    </ClCompile>
    <ClCompile Include="..\..\..\..\..\3rd_party\threadx\common\src\tx_trace_initialize.c">
      <Filter>ThreadX\common</Filter>
    </ClCompile>
    <ClCompile Include="..\..\..\..\..\3rd_party\threadx\common\src\tx_trace_interrupt_control.c">
      <Filter>ThreadX\common</Filter>
    </ClCompile>
    <ClCompile Include="..\..\..\..\..\3rd_party\threadx\common\src\tx_trace_isr_enter_insert.c">
      <Filter>ThreadX\common</Filter>
    </ClCompile>
    <ClCompile Include="..\..\..\..\..\3rd_party\threadx\common\src\tx_trace_isr_exit_insert.c">
      <Filter>ThreadX\common</Filter>
    </ClCompile>
    <ClCompile Include="..\..\..\..\..\3rd_party\threadx\common\src\tx_trace_object_register.c">
      <Filter>ThreadX\common</Filter>
    </ClCompile>
    <ClCompile Include="..\..\..\..\..\3rd_party\threadx\common\src\tx_trace_object_unregister.c">
      <Filter>ThreadX\common</Filter>
    </ClCompile>
    <ClCompile Include="..\..\..\..\..\3rd_party\threadx\common\src\tx_trace_user_event_insert.c">
      <Filter>ThreadX\common</Filter>
    </ClCompile>
    <ClCompile Include="..\..\..\..\..\3rd_party\threadx\common\src\txe_block_allocate.c">
      <Filter>ThreadX\common</Filter>
    </ClCompile>
    <ClCompile Include="..\..\..\..\..\3rd_party\threadx\common\src\txe_block_pool_create.c">
      <Filter>ThreadX\common</Filter>
    </ClCompile>
    <ClCompile Include="..\..\..\..\..\3rd_party\threadx\common\src\txe_block_pool_delete.c">
      <Filter>ThreadX\common</Filter>
    </ClCompile>
    <ClCompile Include="..\..\..\..\..\3rd_party\threadx\common\src\txe_block_pool_info_get.c">
      <Filter>ThreadX\common</Filter>
    </ClCompile>
    <ClCompile Include="..\..\..\..\..\3rd_party\threadx\common\src\txe_block_pool_prioritize.c">
      <Filter>ThreadX\common</Filter>
    </ClCompile>
    <ClCompile Include="..\..\..\..\..\3rd_party\threadx\common\src\txe_block_release.c">
      <Filter>ThreadX\common</Filter>
    </ClCompile>
    <ClCompile Include="..\..\..\..\..\3rd_party\threadx\common\src\txe_byte_allocate.c">
      <Filter>ThreadX\common</Filter>
    </ClCompile>
    <ClCompile Include="..\..\..\..\..\3rd_party\threadx\common\src\txe_byte_pool_create.c">
      <Filter>ThreadX\common</Filter>
    </ClCompile>
    <ClCompile Include="..\..\..\..\..\3rd_party\threadx\common\src\txe_byte_pool_delete.c">
      <Filter>ThreadX\common</Filter>
    </ClCompile>
    <ClCompile Include="..\..\..\..\..\3rd_party\threadx\common\src\txe_byte_pool_info_get.c">
      <Filter>ThreadX\common</Filter>
    </ClCompile>
    <ClCompile Include="..\..\..\..\..\3rd_party\threadx\common\src\txe_byte_pool_prioritize.c">
      <Filter>ThreadX\common</Filter>
    </ClCompile>
    <ClCompile Include="..\..\..\..\..\3rd_party\threadx\common\src\txe_byte_release.c">
      <Filter>ThreadX\common</Filter>
    </ClCompile>
    <ClCompile Include="..\..\..\..\..\3rd_party\threadx\common\src\txe_event_flags_create.c">
      <Filter>ThreadX\common</Filter>
    </ClCompile>
    <ClCompile Include="..\..\..\..\..\3rd_party\threadx\common\src\txe_event_flags_delete.c">
      <Filter>ThreadX\common</Filter>
    </ClCompile>
    <ClCompile Include="..\..\..\..\..\3rd_party\threadx\common\src\txe_event_flags_get.c">
      <Filter>ThreadX\common</Filter>
    </ClCompile>
    <ClCompile Include="..\..\..\..\..\3rd_party\threadx\common\src\txe_event_flags_info_get.c">
      <Filter>ThreadX\common</Filter>
    </ClCompile>
    <ClCompile Include="..\..\..\..\..\3rd_party\threadx\common\src\txe_event_flags_set.c">
      <Filter>ThreadX\common</Filter>
    </ClCompile>
    <ClCompile Include="..\..\..\..\..\3rd_party\threadx\common\src\txe_event_flags_set_notify.c">
      <Filter>ThreadX\common</Filter>
    </ClCompile>
    <ClCompile Include="..\..\..\..\..\3rd_party\threadx\common\src\txe_mutex_create.c">
      <Filter>ThreadX\common</Filter>
    </ClCompile>
    <ClCompile Include="..\..\..\..\..\3rd_party\threadx\common\src\txe_mutex_delete.c">
      <Filter>ThreadX\common</Filter>
    </ClCompile>
    <ClCompile Include="..\..\..\..\..\3rd_party\threadx\common\src\txe_mutex_get.c">
      <Filter>ThreadX\common</Filter>
    </ClCompile>
    <ClCompile Include="..\..\..\..\..\3rd_party\threadx\common\src\txe_mutex_info_get.c">
      <Filter>ThreadX\common</Filter>
    </ClCompile>
    <ClCompile Include="..\..\..\..\..\3rd_party\threadx\common\src\txe_mutex_prioritize.c">
      <Filter>ThreadX\common</Filter>
    </ClCompile>
    <ClCompile Include="..\..\..\..\..\3rd_party\threadx\common\src\txe_mutex_put.c">
      <Filter>ThreadX\common</Filter>
    </ClCompile>
    <ClCompile Include="..\..\..\..\..\3rd_party\threadx\common\src\txe_queue_create.c">
      <Filter>ThreadX\common</Filter>
    </ClCompile>
    <ClCompile Include="..\..\..\..\..\3rd_party\threadx\common\src\txe_queue_delete.c">
      <Filter>ThreadX\common</Filter>
    </ClCompile>
    <ClCompile Include="..\..\..\..\..\3rd_party\threadx\common\src\txe_queue_flush.c">
      <Filter>ThreadX\common</Filter>
    </ClCompile>
    <ClCompile Include="..\..\..\..\..\3rd_party\threadx\common\src\txe_queue_front_send.c">
      <Filter>ThreadX\common</Filter>
    </ClCompile>
    <ClCompile Include="..\..\..\..\..\3rd_party\threadx\common\src\txe_queue_info_get.c">
      <Filter>ThreadX\common</Filter>
    </ClCompile>
    <ClCompile Include="..\..\..\..\..\3rd_party\threadx\common\src\txe_queue_prioritize.c">
      <Filter>ThreadX\common</Filter>
    </ClCompile>
    <ClCompile Include="..\..\..\..\..\3rd_party\threadx\common\src\txe_queue_receive.c">
      <Filter>ThreadX\common</Filter>
    </ClCompile>
    <ClCompile Include="..\..\..\..\..\3rd_party\threadx\common\src\txe_queue_send.c">
      <Filter>ThreadX\common</Filter>
    </ClCompile>
    <ClCompile Include="..\..\..\..\..\3rd_party\threadx\common\src\txe_queue_send_notify.c">
      <Filter>ThreadX\common</Filter>
    </ClCompile>
    <ClCompile Include="..\..\..\..\..\3rd_party\threadx\common\src\txe_semaphore_ceiling_put.c">
      <Filter>ThreadX\common</Filter>
    </ClCompile>
    <ClCompile Include="..\..\..\..\..\3rd_party\threadx\common\src\txe_semaphore_create.c">
      <Filter>ThreadX\common</Filter>
    </ClCompile>
    <ClCompile Include="..\..\..\..\..\3rd_party\threadx\common\src\txe_semaphore_delete.c">
      <Filter>ThreadX\common</Filter>
    </ClCompile>
    <ClCompile Include="..\..\..\..\..\3rd_party\threadx\common\src\txe_semaphore_get.c">
      <Filter>ThreadX\common</Filter>
    </ClCompile>
    <ClCompile Include="..\..\..\..\..\3rd_party\threadx\common\src\txe_semaphore_info_get.c">
      <Filter>ThreadX\common</Filter>
    </ClCompile>
    <ClCompile Include="..\..\..\..\..\3rd_party\threadx\common\src\txe_semaphore_prioritize.c">
      <Filter>ThreadX\common</Filter>
    </ClCompile>
    <ClCompile Include="..\..\..\..\..\3rd_party\threadx\common\src\txe_semaphore_put.c">
      <Filter>ThreadX\common</Filter>
    </ClCompile>
    <ClCompile Include="..\..\..\..\..\3rd_party\threadx\common\src\txe_semaphore_put_notify.c">
      <Filter>ThreadX\common</Filter>
    </ClCompile>
    <ClCompile Include="..\..\..\..\..\3rd_party\threadx\common\src\txe_thread_create.c">
      <Filter>ThreadX\common</Filter>
    </ClCompile>
    <ClCompile Include="..\..\..\..\..\3rd_party\threadx\common\src\txe_thread_delete.c">
      <Filter>ThreadX\common</Filter>
    </ClCompile>
    <ClCompile Include="..\..\..\..\..\3rd_party\threadx\common\src\txe_thread_entry_exit_notify.c">
      <Filter>ThreadX\common</Filter>
    </ClCompile>
    <ClCompile Include="..\..\..\..\..\3rd_party\threadx\common\src\txe_thread_info_get.c">
      <Filter>ThreadX\common</Filter>
    </ClCompile>
    <ClCompile Include="..\..\..\..\..\3rd_party\threadx\common\src\txe_thread_preemption_change.c">
      <Filter>ThreadX\common</Filter>
    </ClCompile>
    <ClCompile Include="..\..\..\..\..\3rd_party\threadx\common\src\txe_thread_priority_change.c">
      <Filter>ThreadX\common</Filter>
    </ClCompile>
    <ClCompile Include="..\..\..\..\..\3rd_party\threadx\common\src\txe_thread_relinquish.c">
      <Filter>ThreadX\common</Filter>
    </ClCompile>
    <ClCompile Include="..\..\..\..\..\3rd_party\threadx\common\src\txe_thread_reset.c">
      <Filter>ThreadX\common</Filter>
    </ClCompile>
    <ClCompile Include="..\..\..\..\..\3rd_party\threadx\common\src\txe_thread_resume.c">
      <Filter>ThreadX\common</Filter>
    </ClCompile>
    <ClCompile Include="..\..\..\..\..\3rd_party\threadx\common\src\txe_thread_suspend.c">
      <Filter>ThreadX\common</Filter>
    </ClCompile>
    <ClCompile Include="..\..\..\..\..\3rd_party\threadx\common\src\txe_thread_terminate.c">
      <Filter>ThreadX\common</Filter>
    </ClCompile>
    <ClCompile Include="..\..\..\..\..\3rd_party\threadx\common\src\txe_thread_time_slice_change.c">
      <Filter>ThreadX\common</Filter>
    </ClCompile>
    <ClCompile Include="..\..\..\..\..\3rd_party\threadx\common\src\txe_thread_wait_abort.c">
      <Filter>ThreadX\common</Filter>
    </ClCompile>
    <ClCompile Include="..\..\..\..\..\3rd_party\threadx\common\src\txe_timer_activate.c">
      <Filter>ThreadX\common</Filter>
    </ClCompile>
    <ClCompile Include="..\..\..\..\..\3rd_party\threadx\common\src\txe_timer_change.c">
      <Filter>ThreadX\common</Filter>
    </ClCompile>
    <ClCompile Include="..\..\..\..\..\3rd_party\threadx\common\src\txe_timer_create.c">
      <Filter>ThreadX\common</Filter>
    </ClCompile>
    <ClCompile Include="..\..\..\..\..\3rd_party\threadx\common\src\txe_timer_deactivate.c">
      <Filter>ThreadX\common</Filter>
    </ClCompile>
    <ClCompile Include="..\..\..\..\..\3rd_party\threadx\common\src\txe_timer_delete.c">
      <Filter>ThreadX\common</Filter>
    </ClCompile>
    <ClCompile Include="..\..\..\..\..\3rd_party\threadx\common\src\txe_timer_info_get.c">
      <Filter>ThreadX\common</Filter>
    </ClCompile>
    <ClCompile Include="..\..\..\..\..\src\qs\qs.c">
      <Filter>QS</Filter>
    </ClCompile>
    <ClCompile Include="..\..\..\..\..\src\qs\qs_64bit.c">
      <Filter>QS</Filter>
    </ClCompile>
    <ClCompile Include="..\..\..\..\..\src\qs\qs_fp.c">
      <Filter>QS</Filter>
    </ClCompile>
    <ClCompile Include="..\..\..\..\..\src\qs\qs_rx.c">
      <Filter>QS</Filter>
    </ClCompile>
    <ClCompile Include="..\..\..\..\..\src\qf\qf_mem.c">
      <Filter>QP</Filter>
    </ClCompile>
  </ItemGroup>
  <ItemGroup>
    <ClInclude Include="..\bsp.h">
      <Filter>Application</Filter>
    </ClInclude>
    <ClInclude Include="..\dpp.h">
      <Filter>Application</Filter>
    </ClInclude>
    <ClInclude Include="..\..\..\..\..\ports\threadx\qep_port.h">
      <Filter>QP_port</Filter>
    </ClInclude>
    <ClInclude Include="..\..\..\..\..\ports\threadx\qf_port.h">
      <Filter>QP_port</Filter>
    </ClInclude>
    <ClInclude Include="..\..\..\..\..\ports\threadx\qs_port.h">
      <Filter>QP_port</Filter>
    </ClInclude>
  </ItemGroup>
  <ItemGroup>
    <Filter Include="Application">
      <UniqueIdentifier>{0b727001-144d-4617-8d15-1011a12cf288}</UniqueIdentifier>
    </Filter>
    <Filter Include="ThreadX">
      <UniqueIdentifier>{add14520-3b44-49c7-9197-b6768f97aa7d}</UniqueIdentifier>
    </Filter>
    <Filter Include="ThreadX\common">
      <UniqueIdentifier>{e9a217a4-2a5e-4ccb-af7d-1ffe6428b16d}</UniqueIdentifier>
    </Filter>
    <Filter Include="ThreadX\port">
      <UniqueIdentifier>{d400d7ba-8989-4140-b470-7c572d97558d}</UniqueIdentifier>
    </Filter>
    <Filter Include="QS">
      <UniqueIdentifier>{503258f0-f0c5-424d-8c86-efbe718de482}</UniqueIdentifier>
    </Filter>
    <Filter Include="QP">
      <UniqueIdentifier>{4df73fc6-8803-490a-8491-c7e8a5324783}</UniqueIdentifier>
    </Filter>
    <Filter Include="QP_port">
      <UniqueIdentifier>{b3aab5be-7f8a-4001-8984-76daf785424f}</UniqueIdentifier>
    </Filter>
  </ItemGroup>
</Project>