<?xml version="1.0" encoding="utf-8"?>
<Project ToolsVersion="4.0" xmlns="http://schemas.microsoft.com/developer/msbuild/2003">
  <ItemGroup>
    <ClCompile Include="bsp.c" />
    <ClCompile Include="main.c" />
    <ClCompile Include="mine1.c" />
    <ClCompile Include="mine2.c" />
    <ClCompile Include="missile.c" />
    <ClCompile Include="ship.c" />
    <ClCompile Include="tunnel.c" />
    <ClCompile Include="$(QTOOLS)\qspy\source\qspy.c" />
  </ItemGroup>
  <ItemGroup>
    <ClInclude Include="bsp.h" />
    <ClInclude Include="dpp.h" />
    <ClInclude Include="game.h" />
    <ClInclude Include="resource.h" />
  </ItemGroup>
  <ItemGroup>
    <ResourceCompile Include="game-gui.rc" />
  </ItemGroup>
  <ItemGroup>
    <None Include="Res\BTN_DWN.bmp">
      <Filter>Res</Filter>
    </None>
    <None Include="Res\BTN_UP.bmp">
      <Filter>Res</Filter>
    </None>
    <None Include="Res\EK-LM3S811.bmp">
      <Filter>Res</Filter>
    </None>
    <None Include="Res\LCD.bmp">
      <Filter>Res</Filter>
    </None>
    <None Include="Res\led_off.bmp">
      <Filter>Res</Filter>
    </None>
    <None Include="Res\led_on.bmp">
      <Filter>Res</Filter>
    </None>
    <None Include="Res\seg.bmp">
      <Filter>Res</Filter>
    </None>
    <None Include="Res\seg0.bmp">
      <Filter>Res</Filter>
    </None>
    <None Include="Res\seg1.bmp">
      <Filter>Res</Filter>
    </None>
    <None Include="Res\seg3.bmp">
      <Filter>Res</Filter>
    </None>
    <None Include="Res\seg2.bmp">
      <Filter>Res</Filter>
    </None>
    <None Include="Res\seg4.bmp">
      <Filter>Res</Filter>
    </None>
    <None Include="Res\seg5.bmp">
      <Filter>Res</Filter>
    </None>
    <None Include="Res\seg6.bmp">
      <Filter>Res</Filter>
    </None>
    <None Include="Res\seg7.bmp">
      <Filter>Res</Filter>
    </None>
    <None Include="Res\seg8.bmp">
      <Filter>Res</Filter>
    </None>
    <None Include="Res\seg9.bmp">
      <Filter>Res</Filter>
    </None>
    <None Include="Res\qp.ico">
      <Filter>Res</Filter>
    </None>
  </ItemGroup>
  <ItemGroup>
    <Filter Include="Res">
      <UniqueIdentifier>{d1bf3b67-01fa-45c5-b3de-8c24e751cb92}</UniqueIdentifier>
    </Filter>
  </ItemGroup>
</Project>