Microsoft Visual Studio Solution File, Format Version 11.00
# Visual C++ Express 2010
Project("{8BC9CEB8-8B4A-11D0-8D11-00A0C91BC942}") = "game-gui", "game-gui.vcxproj", "{79027B25-0949-4F66-9765-4EFBCBBEFB94}"
EndProject
Global
	GlobalSection(SolutionConfigurationPlatforms) = preSolution
		Debug|Win32 = Debug|Win32
		Release|Win32 = Release|Win32
		Spy|Win32 = Spy|Win32
	EndGlobalSection
	GlobalSection(ProjectConfigurationPlatforms) = postSolution
		{79027B25-0949-4F66-9765-4EFBCBBEFB94}.Debug|Win32.ActiveCfg = Debug|Win32
		{79027B25-0949-4F66-9765-4EFBCBBEFB94}.Debug|Win32.Build.0 = Debug|Win32
		{79027B25-0949-4F66-9765-4EFBCBBEFB94}.Release|Win32.ActiveCfg = Release|Win32
		{79027B25-0949-4F66-9765-4EFBCBBEFB94}.Release|Win32.Build.0 = Release|Win32
		{79027B25-0949-4F66-9765-4EFBCBBEFB94}.Spy|Win32.ActiveCfg = Spy|Win32
		{79027B25-0949-4F66-9765-4EFBCBBEFB94}.Spy|Win32.Build.0 = Spy|Win32
	EndGlobalSection
	GlobalSection(SolutionProperties) = preSolution
		HideSolutionNode = FALSE
	EndGlobalSection
EndGlobal
