Microsoft Visual Studio Solution File, Format Version 12.00
# Visual Studio Version 16
VisualStudioVersion = 16.0.30804.86
MinimumVisualStudioVersion = 10.0.40219.1
Project("{8BC9CEB8-8B4A-11D0-8D11-00A0C91BC942}") = "game-gui", "game-gui.vcxproj", "{79027B25-0949-4F66-9765-4EFBCBBEFB94}"
EndProject
Global
	GlobalSection(SolutionConfigurationPlatforms) = preSolution
		Debug|Win32 = Debug|Win32
		QSpy|Win32 = QSpy|Win32
		Release|Win32 = Release|Win32
	EndGlobalSection
	GlobalSection(ProjectConfigurationPlatforms) = postSolution
		{79027B25-0949-4F66-9765-4EFBCBBEFB94}.Debug|Win32.ActiveCfg = Release|Win32
		{79027B25-0949-4F66-9765-4EFBCBBEFB94}.Debug|Win32.Build.0 = Release|Win32
		{79027B25-0949-4F66-9765-4EFBCBBEFB94}.QSpy|Win32.ActiveCfg = QSpy|Win32
		{79027B25-0949-4F66-9765-4EFBCBBEFB94}.QSpy|Win32.Build.0 = QSpy|Win32
		{79027B25-0949-4F66-9765-4EFBCBBEFB94}.Release|Win32.ActiveCfg = Release|Win32
		{79027B25-0949-4F66-9765-4EFBCBBEFB94}.Release|Win32.Build.0 = Release|Win32
	EndGlobalSection
	GlobalSection(SolutionProperties) = preSolution
		HideSolutionNode = FALSE
	EndGlobalSection
	GlobalSection(ExtensibilityGlobals) = postSolution
		SolutionGuid = {3E333E4F-B8D5-42CA-B5AE-73D931BF9129}
	EndGlobalSection
EndGlobal
