
Microsoft Visual Studio Solution File, Format Version 10.00
# Visual Studio 2008
Project("{8BC9CEB8-8B4A-11D0-8D11-00A0C91BC942}") = "all_qp", "all_qp.vcproj", "{DF31777F-3438-4437-A359-F59EEF512FAD}"
	ProjectSection(ProjectDependencies) = postProject
		{AC2F108D-0E8D-42F7-A7FB-0D1BBDB85A17} = {AC2F108D-0E8D-42F7-A7FB-0D1BBDB85A17}
		{5FDC2AFE-0522-4BB6-9907-F93E8DD2803F} = {5FDC2AFE-0522-4BB6-9907-F93E8DD2803F}
		{08CA4FA6-6E97-425E-8D99-845F4040CAEA} = {08CA4FA6-6E97-425E-8D99-845F4040CAEA}
	EndProjectSection
EndProject
Project("{8BC9CEB8-8B4A-11D0-8D11-00A0C91BC942}") = "qep", "qep.vcproj", "{AC2F108D-0E8D-42F7-A7FB-0D1BBDB85A17}"
EndProject
Project("{8BC9CEB8-8B4A-11D0-8D11-00A0C91BC942}") = "qf", "qf.vcproj", "{5FDC2AFE-0522-4BB6-9907-F93E8DD2803F}"
EndProject
Project("{8BC9CEB8-8B4A-11D0-8D11-00A0C91BC942}") = "qs", "qs.vcproj", "{08CA4FA6-6E97-425E-8D99-845F4040CAEA}"
EndProject
Global
	GlobalSection(SolutionConfigurationPlatforms) = preSolution
		Debug|Win32 = Debug|Win32
		Release|Win32 = Release|Win32
		Spy|Win32 = Spy|Win32
	EndGlobalSection
	GlobalSection(ProjectConfigurationPlatforms) = postSolution
		{DF31777F-3438-4437-A359-F59EEF512FAD}.Debug|Win32.ActiveCfg = Debug|Win32
		{DF31777F-3438-4437-A359-F59EEF512FAD}.Debug|Win32.Build.0 = Debug|Win32
		{DF31777F-3438-4437-A359-F59EEF512FAD}.Release|Win32.ActiveCfg = Release|Win32
		{DF31777F-3438-4437-A359-F59EEF512FAD}.Release|Win32.Build.0 = Release|Win32
		{DF31777F-3438-4437-A359-F59EEF512FAD}.Spy|Win32.ActiveCfg = Spy|Win32
		{DF31777F-3438-4437-A359-F59EEF512FAD}.Spy|Win32.Build.0 = Spy|Win32
		{AC2F108D-0E8D-42F7-A7FB-0D1BBDB85A17}.Debug|Win32.ActiveCfg = Debug|Win32
		{AC2F108D-0E8D-42F7-A7FB-0D1BBDB85A17}.Debug|Win32.Build.0 = Debug|Win32
		{AC2F108D-0E8D-42F7-A7FB-0D1BBDB85A17}.Release|Win32.ActiveCfg = Release|Win32
		{AC2F108D-0E8D-42F7-A7FB-0D1BBDB85A17}.Release|Win32.Build.0 = Release|Win32
		{AC2F108D-0E8D-42F7-A7FB-0D1BBDB85A17}.Spy|Win32.ActiveCfg = Spy|Win32
		{AC2F108D-0E8D-42F7-A7FB-0D1BBDB85A17}.Spy|Win32.Build.0 = Spy|Win32
		{5FDC2AFE-0522-4BB6-9907-F93E8DD2803F}.Debug|Win32.ActiveCfg = Debug|Win32
		{5FDC2AFE-0522-4BB6-9907-F93E8DD2803F}.Debug|Win32.Build.0 = Debug|Win32
		{5FDC2AFE-0522-4BB6-9907-F93E8DD2803F}.Release|Win32.ActiveCfg = Release|Win32
		{5FDC2AFE-0522-4BB6-9907-F93E8DD2803F}.Release|Win32.Build.0 = Release|Win32
		{5FDC2AFE-0522-4BB6-9907-F93E8DD2803F}.Spy|Win32.ActiveCfg = Spy|Win32
		{5FDC2AFE-0522-4BB6-9907-F93E8DD2803F}.Spy|Win32.Build.0 = Spy|Win32
		{08CA4FA6-6E97-425E-8D99-845F4040CAEA}.Debug|Win32.ActiveCfg = Spy|Win32
		{08CA4FA6-6E97-425E-8D99-845F4040CAEA}.Debug|Win32.Build.0 = Spy|Win32
		{08CA4FA6-6E97-425E-8D99-845F4040CAEA}.Release|Win32.ActiveCfg = Spy|Win32
		{08CA4FA6-6E97-425E-8D99-845F4040CAEA}.Release|Win32.Build.0 = Spy|Win32
		{08CA4FA6-6E97-425E-8D99-845F4040CAEA}.Spy|Win32.ActiveCfg = Spy|Win32
		{08CA4FA6-6E97-425E-8D99-845F4040CAEA}.Spy|Win32.Build.0 = Spy|Win32
	EndGlobalSection
	GlobalSection(SolutionProperties) = preSolution
		HideSolutionNode = FALSE
	EndGlobalSection
EndGlobal
