<?xml version="1.0" encoding="utf-8"?>
<Project ToolsVersion="4.0" xmlns="http://schemas.microsoft.com/developer/msbuild/2003">
  <ItemGroup>
    <ClCompile Include="..\src\bsp.c" />
    <ClCompile Include="..\..\..\..\src\qf\qep_hsm.c">
      <Filter>QP</Filter>
    </ClCompile>
    <ClCompile Include="..\..\..\..\src\qf\qep_msm.c">
      <Filter>QP</Filter>
    </ClCompile>
    <ClCompile Include="..\..\..\..\src\qf\qf_actq.c">
      <Filter>QP</Filter>
    </ClCompile>
    <ClCompile Include="..\..\..\..\src\qf\qf_defer.c">
      <Filter>QP</Filter>
    </ClCompile>
    <ClCompile Include="..\..\..\..\src\qf\qf_dyn.c">
      <Filter>QP</Filter>
    </ClCompile>
    <ClCompile Include="..\..\..\..\src\qf\qf_mem.c">
      <Filter>QP</Filter>
    </ClCompile>
    <ClCompile Include="..\..\..\..\src\qf\qf_ps.c">
      <Filter>QP</Filter>
    </ClCompile>
    <ClCompile Include="..\..\..\..\src\qf\qf_qact.c">
      <Filter>QP</Filter>
    </ClCompile>
    <ClCompile Include="..\..\..\..\src\qf\qf_qeq.c">
      <Filter>QP</Filter>
    </ClCompile>
    <ClCompile Include="..\..\..\..\src\qf\qf_qmact.c">
      <Filter>QP</Filter>
    </ClCompile>
    <ClCompile Include="..\..\..\..\src\qf\qf_time.c">
      <Filter>QP</Filter>
    </ClCompile>
    <ClCompile Include="..\..\..\..\ports\win32-qutest\qutest_port.c">
      <Filter>QP_port</Filter>
    </ClCompile>
    <ClCompile Include="..\..\..\..\src\qs\qs.c">
      <Filter>QP</Filter>
    </ClCompile>
    <ClCompile Include="..\..\..\..\src\qs\qs_64bit.c">
      <Filter>QP</Filter>
    </ClCompile>
    <ClCompile Include="..\..\..\..\src\qs\qs_fp.c">
      <Filter>QP</Filter>
    </ClCompile>
    <ClCompile Include="..\..\..\..\src\qs\qs_rx.c">
      <Filter>QP</Filter>
    </ClCompile>
    <ClCompile Include="..\..\..\..\src\qs\qstamp.c">
      <Filter>QP</Filter>
    </ClCompile>
    <ClCompile Include="..\..\..\..\src\qs\qutest.c">
      <Filter>QP</Filter>
    </ClCompile>
    <ClCompile Include="test_table.c" />
    <ClCompile Include="..\src\table.c" />
    <ClCompile Include="..\..\..\..\src\qf\qf_act.c">
      <Filter>QP</Filter>
    </ClCompile>
  </ItemGroup>
  <ItemGroup>
    <ClInclude Include="..\src\bsp.h" />
    <ClInclude Include="..\src\dpp.h" />
    <ClInclude Include="..\..\..\..\ports\win32-qutest\qep_port.h">
      <Filter>QP_port</Filter>
    </ClInclude>
    <ClInclude Include="..\..\..\..\ports\win32-qutest\qf_port.h">
      <Filter>QP_port</Filter>
    </ClInclude>
    <ClInclude Include="..\..\..\..\ports\win32-qutest\qs_port.h">
      <Filter>QP_port</Filter>
    </ClInclude>
    <ClInclude Include="..\..\..\..\ports\win32-qutest\safe_std.h">
      <Filter>QP_port</Filter>
    </ClInclude>
  </ItemGroup>
  <ItemGroup>
    <Filter Include="QP_port">
      <UniqueIdentifier>{15103d7c-b0a8-453a-9329-6af825548fd7}</UniqueIdentifier>
    </Filter>
    <Filter Include="QP">
      <UniqueIdentifier>{68f070e7-350f-4ab4-9c94-e6029017b9a0}</UniqueIdentifier>
    </Filter>
  </ItemGroup>
  <ItemGroup>
    <None Include="..\..\..\..\ports\win32-qutest\README.md">
      <Filter>QP_port</Filter>
    </None>
  </ItemGroup>
</Project>