
Microsoft Visual Studio Solution File, Format Version 12.00
# Visual Studio Version 16
VisualStudioVersion = 16.0.30517.126
MinimumVisualStudioVersion = 10.0.40219.1
Project("{8BC9CEB8-8B4A-11D0-8D11-00A0C91BC942}") = "dpp-qk", "dpp-qk.vcxproj", "{33464F24-9B0F-4276-89FF-8D462C1392EE}"
EndProject
Global
	GlobalSection(SolutionConfigurationPlatforms) = preSolution
		Debug|VisualGDB = Debug|VisualGDB
		Release|VisualGDB = Release|VisualGDB
		Spy|VisualGDB = Spy|VisualGDB
	EndGlobalSection
	GlobalSection(ProjectConfigurationPlatforms) = postSolution
		{33464F24-9B0F-4276-89FF-8D462C1392EE}.Debug|VisualGDB.ActiveCfg = Debug|VisualGDB
		{33464F24-9B0F-4276-89FF-8D462C1392EE}.Debug|VisualGDB.Build.0 = Debug|VisualGDB
		{33464F24-9B0F-4276-89FF-8D462C1392EE}.Release|VisualGDB.ActiveCfg = Release|VisualGDB
		{33464F24-9B0F-4276-89FF-8D462C1392EE}.Release|VisualGDB.Build.0 = Release|VisualGDB
		{33464F24-9B0F-4276-89FF-8D462C1392EE}.Spy|VisualGDB.ActiveCfg = Spy|VisualGDB
		{33464F24-9B0F-4276-89FF-8D462C1392EE}.Spy|VisualGDB.Build.0 = Spy|VisualGDB
	EndGlobalSection
	GlobalSection(SolutionProperties) = preSolution
		HideSolutionNode = FALSE
	EndGlobalSection
	GlobalSection(ExtensibilityGlobals) = postSolution
		SolutionGuid = {35222B4D-B267-427E-8293-873EDD0720C0}
	EndGlobalSection
EndGlobal
