<?xml version="1.0" encoding="utf-8"?>
<Project ToolsVersion="4.0" xmlns="http://schemas.microsoft.com/developer/msbuild/2003">
  <ItemGroup>
    <ClCompile Include="..\src\bsp.c" />
    <ClCompile Include="..\..\..\..\include\qstamp.c" />
    <ClCompile Include="test_philo.c" />
    <ClCompile Include="..\src\philo.c" />
  </ItemGroup>
  <ItemGroup>
    <ClInclude Include="..\src\bsp.h" />
    <ClInclude Include="..\src\dpp.h" />
  </ItemGroup>
</Project>