<?xml version="1.0" encoding="utf-8"?>
<Project ToolsVersion="4.0" xmlns="http://schemas.microsoft.com/developer/msbuild/2003">
  <ItemGroup>
    <ClCompile Include="test.c" />
    <ClCompile Include="../../../src/qs/qs_rx.c">
      <Filter>src</Filter>
    </ClCompile>
    <ClCompile Include="../../../src/qs/qstamp.c">
      <Filter>src</Filter>
    </ClCompile>
    <ClCompile Include="../../et/et_host.c">
      <Filter>et</Filter>
    </ClCompile>
    <ClCompile Include="../../et/et.c">
      <Filter>et</Filter>
    </ClCompile>
    <ClCompile Include="../../../src/qs/qs.c">
      <Filter>src</Filter>
    </ClCompile>
  </ItemGroup>
  <ItemGroup>
    <Filter Include="src">
      <UniqueIdentifier>{ca98b393-b6d6-4f0f-8d96-ee6821a59d87}</UniqueIdentifier>
    </Filter>
    <Filter Include="et">
      <UniqueIdentifier>{e6ea87c4-df60-4f15-a5dc-c180c1cd2bac}</UniqueIdentifier>
    </Filter>
  </ItemGroup>
  <ItemGroup>
    <ClInclude Include="../../et/et.h">
      <Filter>et</Filter>
    </ClInclude>
  </ItemGroup>
</Project>
