<?xml version="1.0" encoding="utf-8"?>
<Project ToolsVersion="4.0" xmlns="http://schemas.microsoft.com/developer/msbuild/2003">
  <ItemGroup>
    <ClCompile Include="$(QTOOLS)\qspy\source\qspy.c" />
    <ClCompile Include="main.c" />
    <ClCompile Include="..\..\..\include\qstamp.c" />
    <ClCompile Include="qhsmtst.c" />
  </ItemGroup>
  <ItemGroup>
    <ClInclude Include="qhsmtst.h" />
  </ItemGroup>
  <ItemGroup>
    <Filter Include="QP">
      <UniqueIdentifier>{76cb74d9-2f6d-42d1-98bb-e99763c51a65}</UniqueIdentifier>
    </Filter>
  </ItemGroup>
  <ItemGroup>
    <Library Include="..\..\..\ports\win32\Debug\qp.lib">
      <Filter>QP</Filter>
    </Library>
    <Library Include="..\..\..\ports\win32\Release\qp.lib">
      <Filter>QP</Filter>
    </Library>
    <Library Include="..\..\..\ports\win32\QSpy\qp.lib">
      <Filter>QP</Filter>
    </Library>
  </ItemGroup>
</Project>