<?xml version="1.0" encoding="utf-8"?>
<Project ToolsVersion="4.0" xmlns="http://schemas.microsoft.com/developer/msbuild/2003">
  <ItemGroup>
    <ClCompile Include="bsp.c" />
    <ClCompile Include="main.c" />
    <ClCompile Include="philo.c" />
    <ClCompile Include="table.c" />
    <ClCompile Include="..\..\..\source\qep_hsm.c">
      <Filter>QP</Filter>
    </ClCompile>
    <ClCompile Include="..\..\..\source\qep_msm.c">
      <Filter>QP</Filter>
    </ClCompile>
    <ClCompile Include="..\..\..\source\qf_act.c">
      <Filter>QP</Filter>
    </ClCompile>
    <ClCompile Include="..\..\..\source\qf_defer.c">
      <Filter>QP</Filter>
    </ClCompile>
    <ClCompile Include="..\..\..\source\qf_dyn.c">
      <Filter>QP</Filter>
    </ClCompile>
    <ClCompile Include="..\..\..\source\qf_ps.c">
      <Filter>QP</Filter>
    </ClCompile>
    <ClCompile Include="..\..\..\source\qf_qact.c">
      <Filter>QP</Filter>
    </ClCompile>
    <ClCompile Include="..\..\..\source\qf_qeq.c">
      <Filter>QP</Filter>
    </ClCompile>
    <ClCompile Include="..\..\..\source\qf_qmact.c">
      <Filter>QP</Filter>
    </ClCompile>
    <ClCompile Include="..\..\..\source\qf_time.c">
      <Filter>QP</Filter>
    </ClCompile>
    <ClCompile Include="..\..\..\source\qs.c">
      <Filter>QS</Filter>
    </ClCompile>
    <ClCompile Include="..\..\..\source\qs_64bit.c">
      <Filter>QS</Filter>
    </ClCompile>
    <ClCompile Include="..\..\..\source\qs_fp.c">
      <Filter>QS</Filter>
    </ClCompile>
    <ClCompile Include="..\..\..\ports\threadx\qf_port.c">
      <Filter>QP_port</Filter>
    </ClCompile>
  </ItemGroup>
  <ItemGroup>
    <ClInclude Include="bsp.h" />
    <ClInclude Include="dpp.h" />
    <ClInclude Include="..\..\..\source\qf_pkg.h">
      <Filter>QP</Filter>
    </ClInclude>
    <ClInclude Include="..\..\..\source\qs_pkg.h">
      <Filter>QS</Filter>
    </ClInclude>
    <ClInclude Include="..\..\..\ports\threadx\qep_port.h">
      <Filter>QP_port</Filter>
    </ClInclude>
    <ClInclude Include="..\..\..\ports\threadx\qf_port.h">
      <Filter>QP_port</Filter>
    </ClInclude>
    <ClInclude Include="..\..\..\ports\threadx\qs_port.h">
      <Filter>QP_port</Filter>
    </ClInclude>
  </ItemGroup>
  <ItemGroup>
    <Filter Include="ThreadX">
      <UniqueIdentifier>{b300da43-287f-4076-98e8-e31b52a37ed8}</UniqueIdentifier>
    </Filter>
    <Filter Include="QS">
      <UniqueIdentifier>{846bb110-0fc4-414c-a836-22dda7de0597}</UniqueIdentifier>
    </Filter>
    <Filter Include="QP_port">
      <UniqueIdentifier>{1f1ee7fa-e32d-4b60-a91c-d04e33ed1aa7}</UniqueIdentifier>
    </Filter>
    <Filter Include="QP">
      <UniqueIdentifier>{33fb9d05-f9cd-4205-8b40-a609275cd2cc}</UniqueIdentifier>
    </Filter>
  </ItemGroup>
  <ItemGroup>
    <Library Include="..\..\..\3rd_party\threadx\visual-studio\tx.lib">
      <Filter>ThreadX</Filter>
    </Library>
  </ItemGroup>
</Project>