<?xml version="1.0" encoding="utf-8"?>
<Project ToolsVersion="4.0" xmlns="http://schemas.microsoft.com/developer/msbuild/2003">
  <ItemGroup>
    <ClCompile Include="..\blinky.c" />
    <ClCompile Include="..\..\..\..\ports\qube\qube.c">
      <Filter>qube_vs</Filter>
    </ClCompile>
    <ClCompile Include="bsp_qube.c" />
    <ClCompile Include="$(QTOOLS)\qspy\source\qspy.c" />
    <ClCompile Include="..\main.c" />
    <ClCompile Include="..\..\..\..\src\qf\qep_hsm.c">
      <Filter>QP</Filter>
    </ClCompile>
    <ClCompile Include="..\..\..\..\src\qf\qep_msm.c">
      <Filter>QP</Filter>
    </ClCompile>
    <ClCompile Include="..\..\..\..\src\qf\qf_actq.c">
      <Filter>QP</Filter>
    </ClCompile>
    <ClCompile Include="..\..\..\..\src\qf\qf_defer.c">
      <Filter>QP</Filter>
    </ClCompile>
    <ClCompile Include="..\..\..\..\src\qf\qf_dyn.c">
      <Filter>QP</Filter>
    </ClCompile>
    <ClCompile Include="..\..\..\..\src\qf\qf_mem.c">
      <Filter>QP</Filter>
    </ClCompile>
    <ClCompile Include="..\..\..\..\src\qf\qf_ps.c">
      <Filter>QP</Filter>
    </ClCompile>
    <ClCompile Include="..\..\..\..\src\qf\qf_qact.c">
      <Filter>QP</Filter>
    </ClCompile>
    <ClCompile Include="..\..\..\..\src\qf\qf_qeq.c">
      <Filter>QP</Filter>
    </ClCompile>
    <ClCompile Include="..\..\..\..\src\qf\qf_qmact.c">
      <Filter>QP</Filter>
    </ClCompile>
    <ClCompile Include="..\..\..\..\src\qf\qf_time.c">
      <Filter>QP</Filter>
    </ClCompile>
    <ClCompile Include="..\..\..\..\src\qs\qs.c">
      <Filter>QP</Filter>
    </ClCompile>
    <ClCompile Include="..\..\..\..\src\qs\qs_64bit.c">
      <Filter>QP</Filter>
    </ClCompile>
    <ClCompile Include="..\..\..\..\src\qs\qs_fp.c">
      <Filter>QP</Filter>
    </ClCompile>
    <ClCompile Include="..\..\..\..\src\qs\qstamp.c">
      <Filter>QP</Filter>
    </ClCompile>
  </ItemGroup>
  <ItemGroup>
    <ClInclude Include="blinky.h" />
    <ClInclude Include="..\..\..\..\ports\qube\qep_port.h">
      <Filter>qube_vs</Filter>
    </ClInclude>
    <ClInclude Include="..\..\..\..\ports\qube\qf_port.h">
      <Filter>qube_vs</Filter>
    </ClInclude>
    <ClInclude Include="..\..\..\..\ports\qube\qs_port.h">
      <Filter>qube_vs</Filter>
    </ClInclude>
  </ItemGroup>
  <ItemGroup>
    <Filter Include="qp">
      <UniqueIdentifier>{8a14cc5f-5520-4870-80c8-16a728dd5b06}</UniqueIdentifier>
    </Filter>
    <Filter Include="qube">
      <UniqueIdentifier>{b3b54046-9fb7-4796-b157-31c169faf065}</UniqueIdentifier>
    </Filter>
  </ItemGroup>
</Project>