<?xml version="1.0" encoding="utf-8"?>
<Project ToolsVersion="4.0" xmlns="http://schemas.microsoft.com/developer/msbuild/2003">
  <ItemGroup>
    <ClCompile Include="test_blinky.c" />
    <ClCompile Include="..\src\blinky.c" />
    <ClCompile Include="..\src\bsp.c" />
    <ClCompile Include="..\..\..\..\src\qf\qep_hsm.c">
      <Filter>QP</Filter>
    </ClCompile>
    <ClCompile Include="..\..\..\..\src\qf\qep_msm.c">
      <Filter>QP</Filter>
    </ClCompile>
    <ClCompile Include="..\..\..\..\src\qf\qf_act.c">
      <Filter>QP</Filter>
    </ClCompile>
    <ClCompile Include="..\..\..\..\src\qf\qf_actq.c">
      <Filter>QP</Filter>
    </ClCompile>
    <ClCompile Include="..\..\..\..\src\qf\qf_defer.c">
      <Filter>QP</Filter>
    </ClCompile>
    <ClCompile Include="..\..\..\..\src\qf\qf_dyn.c">
      <Filter>QP</Filter>
    </ClCompile>
    <ClCompile Include="..\..\..\..\src\qf\qf_mem.c">
      <Filter>QP</Filter>
    </ClCompile>
    <ClCompile Include="..\..\..\..\src\qf\qf_ps.c">
      <Filter>QP</Filter>
    </ClCompile>
    <ClCompile Include="..\..\..\..\src\qf\qf_qact.c">
      <Filter>QP</Filter>
    </ClCompile>
    <ClCompile Include="..\..\..\..\src\qf\qf_qeq.c">
      <Filter>QP</Filter>
    </ClCompile>
    <ClCompile Include="..\..\..\..\src\qf\qf_qmact.c">
      <Filter>QP</Filter>
    </ClCompile>
    <ClCompile Include="..\..\..\..\src\qf\qf_time.c">
      <Filter>QP</Filter>
    </ClCompile>
    <ClCompile Include="..\..\..\..\src\qs\qs.c">
      <Filter>QP</Filter>
    </ClCompile>
    <ClCompile Include="..\..\..\..\src\qs\qs_64bit.c">
      <Filter>QP</Filter>
    </ClCompile>
    <ClCompile Include="..\..\..\..\src\qs\qs_fp.c">
      <Filter>QP</Filter>
    </ClCompile>
    <ClCompile Include="..\..\..\..\src\qs\qs_rx.c">
      <Filter>QP</Filter>
    </ClCompile>
    <ClCompile Include="..\..\..\..\src\qs\qstamp.c">
      <Filter>QP</Filter>
    </ClCompile>
    <ClCompile Include="..\..\..\..\src\qs\qutest.c">
      <Filter>QP</Filter>
    </ClCompile>
    <ClCompile Include="..\..\..\..\ports\win32-qutest\qutest_port.c">
      <Filter>QP_port</Filter>
    </ClCompile>
  </ItemGroup>
  <ItemGroup>
    <ClInclude Include="..\src\blinky.h" />
    <ClInclude Include="..\src\bsp.h" />
    <ClInclude Include="..\..\..\..\ports\win32-qutest\qep_port.h">
      <Filter>QP_port</Filter>
    </ClInclude>
    <ClInclude Include="..\..\..\..\ports\win32-qutest\qf_port.h">
      <Filter>QP_port</Filter>
    </ClInclude>
    <ClInclude Include="..\..\..\..\ports\win32-qutest\qs_port.h">
      <Filter>QP_port</Filter>
    </ClInclude>
    <ClInclude Include="..\..\..\..\ports\win32-qutest\safe_std.h">
      <Filter>QP_port</Filter>
    </ClInclude>
  </ItemGroup>
  <ItemGroup>
    <Filter Include="QP_port">
      <UniqueIdentifier>{9aed7b5b-079d-48b1-bf74-404e39b15bb6}</UniqueIdentifier>
    </Filter>
    <Filter Include="QP">
      <UniqueIdentifier>{02755b40-4291-4842-8d01-96867b6c8cf5}</UniqueIdentifier>
    </Filter>
  </ItemGroup>
  <ItemGroup>
    <None Include="..\..\..\..\ports\win32-qutest\README.md">
      <Filter>QP_port</Filter>
    </None>
  </ItemGroup>
</Project>