Microsoft Visual Studio Solution File, Format Version 12.00
# Visual Studio Version 16
VisualStudioVersion = 16.0.30804.86
MinimumVisualStudioVersion = 10.0.40219.1
Project("{8BC9CEB8-8B4A-11D0-8D11-00A0C91BC942}") = "qp", "qp.vcxproj", "{3E9F0C4A-01B7-4357-95C6-0FE86BACB6D9}"
EndProject
Global
	GlobalSection(SolutionConfigurationPlatforms) = preSolution
		Debug|Win32 = Debug|Win32
		Debug|x64 = Debug|x64
		QSpy|Win32 = QSpy|Win32
		QSpy|x64 = QSpy|x64
		QSpy64|Win32 = QSpy64|Win32
		QSpy64|x64 = QSpy64|x64
		Release|Win32 = Release|Win32
		Release|x64 = Release|x64
	EndGlobalSection
	GlobalSection(ProjectConfigurationPlatforms) = postSolution
		{3E9F0C4A-01B7-4357-95C6-0FE86BACB6D9}.Debug|Win32.ActiveCfg = Debug|Win32
		{3E9F0C4A-01B7-4357-95C6-0FE86BACB6D9}.Debug|Win32.Build.0 = Debug|Win32
		{3E9F0C4A-01B7-4357-95C6-0FE86BACB6D9}.Debug|x64.ActiveCfg = Debug|x64
		{3E9F0C4A-01B7-4357-95C6-0FE86BACB6D9}.Debug|x64.Build.0 = Debug|x64
		{3E9F0C4A-01B7-4357-95C6-0FE86BACB6D9}.QSpy|Win32.ActiveCfg = QSpy|Win32
		{3E9F0C4A-01B7-4357-95C6-0FE86BACB6D9}.QSpy|Win32.Build.0 = QSpy|Win32
		{3E9F0C4A-01B7-4357-95C6-0FE86BACB6D9}.QSpy|x64.ActiveCfg = QSpy|x64
		{3E9F0C4A-01B7-4357-95C6-0FE86BACB6D9}.QSpy|x64.Build.0 = QSpy|x64
		{3E9F0C4A-01B7-4357-95C6-0FE86BACB6D9}.QSpy64|Win32.ActiveCfg = QSpy64|Win32
		{3E9F0C4A-01B7-4357-95C6-0FE86BACB6D9}.QSpy64|Win32.Build.0 = QSpy64|Win32
		{3E9F0C4A-01B7-4357-95C6-0FE86BACB6D9}.QSpy64|x64.ActiveCfg = QSpy64|x64
		{3E9F0C4A-01B7-4357-95C6-0FE86BACB6D9}.QSpy64|x64.Build.0 = QSpy64|x64
		{3E9F0C4A-01B7-4357-95C6-0FE86BACB6D9}.Release|Win32.ActiveCfg = Release|Win32
		{3E9F0C4A-01B7-4357-95C6-0FE86BACB6D9}.Release|Win32.Build.0 = Release|Win32
		{3E9F0C4A-01B7-4357-95C6-0FE86BACB6D9}.Release|x64.ActiveCfg = Release|x64
		{3E9F0C4A-01B7-4357-95C6-0FE86BACB6D9}.Release|x64.Build.0 = Release|x64
	EndGlobalSection
	GlobalSection(SolutionProperties) = preSolution
		HideSolutionNode = FALSE
	EndGlobalSection
	GlobalSection(ExtensibilityGlobals) = postSolution
		SolutionGuid = {26B33241-845D-43F5-BCB4-456C2AB98376}
	EndGlobalSection
EndGlobal
